{
  "name": "@xaedian/paperclip-adapter-openrouter",
  "version": "2.14.0",
  "lockfileVersion": 3,
  "requires": true,
  "packages": {
    "": {
      "name": "@xaedian/paperclip-adapter-openrouter",
      "version": "2.14.0",
      "license": "MIT",
      "dependencies": {
        "@paperclipai/adapter-utils": "^2026.817.0"
      },
      "devDependencies": {
        "@types/node": "^22.20.1",
        "typescript": "^5.7.3"
      },
      "engines": {
        "node": ">=20.0.0"
      }
    },
    "node_modules/@paperclipai/adapter-utils": {
      "version": "2026.817.0",
      "resolved": "https://registry.npmjs.org/@paperclipai/adapter-utils/-/adapter-utils-2026.817.0.tgz",
      "integrity": "sha512-JR3G3bPj+apGhkSEotq51xzFKxEvfCLMe9R5vt89x8W4xDeJcCFY+Yil8oSqHDKp7SdARw6O2DLNOfprh+CZ8g==",
      "bundleDependencies": [
        "acpx"
      ],
      "license": "MIT",
      "dependencies": {
        "acpx": "0.12.0",
        "picocolors": "^1.1.1"
      }
    },
    "node_modules/@paperclipai/adapter-utils/node_modules/@agentclientprotocol/sdk": {
      "version": "1.3.0",
      "inBundle": true,
      "license": "Apache-2.0",
      "peerDependencies": {
        "zod": "^3.25.0 || ^4.0.0"
      }
    },
    "node_modules/@paperclipai/adapter-utils/node_modules/@clack/core": {
      "version": "1.4.3",
      "inBundle": true,
      "license": "MIT",
      "dependencies": {
        "fast-wrap-ansi": "^0.2.0",
        "sisteransi": "^1.0.5"
      },
      "engines": {
        "node": ">= 20.12.0"
      }
    },
    "node_modules/@paperclipai/adapter-utils/node_modules/@clack/prompts": {
      "version": "1.7.0",
      "inBundle": true,
      "license": "MIT",
      "dependencies": {
        "@clack/core": "1.4.3",
        "fast-string-width": "^3.0.2",
        "fast-wrap-ansi": "^0.2.0",
        "sisteransi": "^1.0.5"
      },
      "engines": {
        "node": ">= 20.12.0"
      }
    },
    "node_modules/@paperclipai/adapter-utils/node_modules/@esbuild/linux-x64": {
      "version": "0.28.2",
      "cpu": [
        "x64"
      ],
      "inBundle": true,
      "license": "MIT",
      "optional": true,
      "os": [
        "linux"
      ],
      "engines": {
        "node": ">=18"
      }
    },
    "node_modules/@paperclipai/adapter-utils/node_modules/acpx": {
      "version": "0.12.0",
      "inBundle": true,
      "license": "MIT",
      "dependencies": {
        "@agentclientprotocol/sdk": "^1.1.0",
        "commander": "^15.0.0",
        "skillflag": "^0.2.0",
        "tsx": "^4.23.0",
        "zod": "^4.4.3"
      },
      "bin": {
        "acpx": "dist/cli.js"
      },
      "engines": {
        "node": ">=22.13.0"
      }
    },
    "node_modules/@paperclipai/adapter-utils/node_modules/b4a": {
      "version": "1.8.1",
      "inBundle": true,
      "license": "Apache-2.0",
      "peerDependencies": {
        "react-native-b4a": "*"
      },
      "peerDependenciesMeta": {
        "react-native-b4a": {
          "optional": true
        }
      }
    },
    "node_modules/@paperclipai/adapter-utils/node_modules/bare-events": {
      "version": "2.9.1",
      "inBundle": true,
      "license": "Apache-2.0",
      "peerDependencies": {
        "bare-abort-controller": "*"
      },
      "peerDependenciesMeta": {
        "bare-abort-controller": {
          "optional": true
        }
      }
    },
    "node_modules/@paperclipai/adapter-utils/node_modules/bare-fs": {
      "version": "4.8.0",
      "inBundle": true,
      "license": "Apache-2.0",
      "dependencies": {
        "bare-events": "^2.5.4",
        "bare-path": "^3.0.0",
        "bare-stream": "^2.6.4",
        "bare-url": "^2.2.2",
        "fast-fifo": "^1.3.2"
      },
      "engines": {
        "bare": ">=1.28.0"
      },
      "peerDependencies": {
        "bare-buffer": "*"
      },
      "peerDependenciesMeta": {
        "bare-buffer": {
          "optional": true
        }
      }
    },
    "node_modules/@paperclipai/adapter-utils/node_modules/bare-path": {
      "version": "3.1.1",
      "inBundle": true,
      "license": "Apache-2.0"
    },
    "node_modules/@paperclipai/adapter-utils/node_modules/bare-stream": {
      "version": "2.13.3",
      "inBundle": true,
      "license": "Apache-2.0",
      "dependencies": {
        "b4a": "^1.8.1",
        "streamx": "^2.25.0",
        "teex": "^1.0.1"
      },
      "peerDependencies": {
        "bare-abort-controller": "*",
        "bare-buffer": "*",
        "bare-events": "*"
      },
      "peerDependenciesMeta": {
        "bare-abort-controller": {
          "optional": true
        },
        "bare-buffer": {
          "optional": true
        },
        "bare-events": {
          "optional": true
        }
      }
    },
    "node_modules/@paperclipai/adapter-utils/node_modules/bare-url": {
      "version": "2.5.2",
      "inBundle": true,
      "license": "Apache-2.0",
      "dependencies": {
        "bare-path": "^3.0.0"
      }
    },
    "node_modules/@paperclipai/adapter-utils/node_modules/commander": {
      "version": "15.0.0",
      "inBundle": true,
      "license": "MIT",
      "engines": {
        "node": ">=22.12.0"
      }
    },
    "node_modules/@paperclipai/adapter-utils/node_modules/esbuild": {
      "version": "0.28.2",
      "hasInstallScript": true,
      "inBundle": true,
      "license": "MIT",
      "bin": {
        "esbuild": "bin/esbuild"
      },
      "engines": {
        "node": ">=18"
      },
      "optionalDependencies": {
        "@esbuild/aix-ppc64": "0.28.2",
        "@esbuild/android-arm": "0.28.2",
        "@esbuild/android-arm64": "0.28.2",
        "@esbuild/android-x64": "0.28.2",
        "@esbuild/darwin-arm64": "0.28.2",
        "@esbuild/darwin-x64": "0.28.2",
        "@esbuild/freebsd-arm64": "0.28.2",
        "@esbuild/freebsd-x64": "0.28.2",
        "@esbuild/linux-arm": "0.28.2",
        "@esbuild/linux-arm64": "0.28.2",
        "@esbuild/linux-ia32": "0.28.2",
        "@esbuild/linux-loong64": "0.28.2",
        "@esbuild/linux-mips64el": "0.28.2",
        "@esbuild/linux-ppc64": "0.28.2",
        "@esbuild/linux-riscv64": "0.28.2",
        "@esbuild/linux-s390x": "0.28.2",
        "@esbuild/linux-x64": "0.28.2",
        "@esbuild/netbsd-arm64": "0.28.2",
        "@esbuild/netbsd-x64": "0.28.2",
        "@esbuild/openbsd-arm64": "0.28.2",
        "@esbuild/openbsd-x64": "0.28.2",
        "@esbuild/openharmony-arm64": "0.28.2",
        "@esbuild/sunos-x64": "0.28.2",
        "@esbuild/win32-arm64": "0.28.2",
        "@esbuild/win32-ia32": "0.28.2",
        "@esbuild/win32-x64": "0.28.2"
      }
    },
    "node_modules/@paperclipai/adapter-utils/node_modules/events-universal": {
      "version": "1.0.1",
      "inBundle": true,
      "license": "Apache-2.0",
      "dependencies": {
        "bare-events": "^2.7.0"
      }
    },
    "node_modules/@paperclipai/adapter-utils/node_modules/fast-fifo": {
      "version": "1.3.2",
      "inBundle": true,
      "license": "MIT"
    },
    "node_modules/@paperclipai/adapter-utils/node_modules/fast-string-truncated-width": {
      "version": "3.0.3",
      "inBundle": true,
      "license": "MIT"
    },
    "node_modules/@paperclipai/adapter-utils/node_modules/fast-string-width": {
      "version": "3.0.2",
      "inBundle": true,
      "license": "MIT",
      "dependencies": {
        "fast-string-truncated-width": "^3.0.2"
      }
    },
    "node_modules/@paperclipai/adapter-utils/node_modules/fast-wrap-ansi": {
      "version": "0.2.2",
      "inBundle": true,
      "license": "MIT",
      "dependencies": {
        "fast-string-width": "^3.0.2"
      }
    },
    "node_modules/@paperclipai/adapter-utils/node_modules/sisteransi": {
      "version": "1.0.5",
      "inBundle": true,
      "license": "MIT"
    },
    "node_modules/@paperclipai/adapter-utils/node_modules/skillflag": {
      "version": "0.2.1",
      "inBundle": true,
      "license": "MIT",
      "dependencies": {
        "@clack/prompts": "^1.0.1",
        "tar-stream": "^3.1.7"
      },
      "bin": {
        "skill-install": "dist/bin/skill-install.js",
        "skillflag": "dist/bin/skillflag.js"
      },
      "engines": {
        "node": ">=18"
      }
    },
    "node_modules/@paperclipai/adapter-utils/node_modules/streamx": {
      "version": "2.28.0",
      "inBundle": true,
      "license": "MIT",
      "dependencies": {
        "events-universal": "^1.0.0",
        "fast-fifo": "^1.3.2",
        "text-decoder": "^1.1.0"
      }
    },
    "node_modules/@paperclipai/adapter-utils/node_modules/tar-stream": {
      "version": "3.2.0",
      "inBundle": true,
      "license": "MIT",
      "dependencies": {
        "b4a": "^1.6.4",
        "bare-fs": "^4.5.5",
        "fast-fifo": "^1.2.0",
        "streamx": "^2.15.0"
      }
    },
    "node_modules/@paperclipai/adapter-utils/node_modules/teex": {
      "version": "1.0.1",
      "inBundle": true,
      "license": "MIT",
      "dependencies": {
        "streamx": "^2.12.5"
      }
    },
    "node_modules/@paperclipai/adapter-utils/node_modules/text-decoder": {
      "version": "1.2.7",
      "inBundle": true,
      "license": "Apache-2.0",
      "dependencies": {
        "b4a": "^1.6.4"
      }
    },
    "node_modules/@paperclipai/adapter-utils/node_modules/tsx": {
      "version": "4.23.12",
      "inBundle": true,
      "license": "MIT",
      "dependencies": {
        "esbuild": "~0.28.0"
      },
      "bin": {
        "tsx": "dist/cli.mjs"
      },
      "engines": {
        "node": ">=18.0.0"
      },
      "optionalDependencies": {
        "fsevents": "~2.3.3"
      }
    },
    "node_modules/@paperclipai/adapter-utils/node_modules/zod": {
      "version": "4.4.3",
      "inBundle": true,
      "license": "MIT",
      "funding": {
        "url": "https://github.com/sponsors/colinhacks"
      }
    },
    "node_modules/@types/node": {
      "version": "22.20.1",
      "resolved": "https://registry.npmjs.org/@types/node/-/node-22.20.1.tgz",
      "integrity": "sha512-EANqOCF9QFyra+4pfxUcX9STKJpCLjMbObVzljIJomAWSnuSIEAvyzEU53GaajbXJEgdh0iEcPL+DGvpUd4k1Q==",
      "dev": true,
      "license": "MIT",
      "dependencies": {
        "undici-types": "~6.21.0"
      }
    },
    "node_modules/picocolors": {
      "version": "1.1.1",
      "resolved": "https://registry.npmjs.org/picocolors/-/picocolors-1.1.1.tgz",
      "integrity": "sha512-xceH2snhtb5M9liqDsmEw56le376mTZkEX/jEb/RxNFyegNul7eNslCXP9FDj/Lcu0X8KEyMceP2ntpaHrDEVA==",
      "license": "ISC"
    },
    "node_modules/typescript": {
      "version": "5.9.3",
      "resolved": "https://registry.npmjs.org/typescript/-/typescript-5.9.3.tgz",
      "integrity": "sha512-jl1vZzPDinLr9eUt3J/t7V6FgNEw9QjvBPdysz9KfQDD41fQrC2Y4vKQdiaUpFT4bXlb1RHhLpp8wtm6M5TgSw==",
      "dev": true,
      "license": "Apache-2.0",
      "bin": {
        "tsc": "bin/tsc",
        "tsserver": "bin/tsserver"
      },
      "engines": {
        "node": ">=14.17"
      }
    },
    "node_modules/undici-types": {
      "version": "6.21.0",
      "resolved": "https://registry.npmjs.org/undici-types/-/undici-types-6.21.0.tgz",
      "integrity": "sha512-iwDZqg0QAGrg9Rav5H4n0M64c3mkR59cJ6wQp+7C4nI0gsmExaedaYLNO44eT4AtBBwjbTiGPMlt2Md0T9H9JQ==",
      "dev": true,
      "license": "MIT"
    }
  }
}
